
Microsoft Visual Studio Solution File, Format Version 12.00
# Visual Studio Version 17
VisualStudioVersion = 17.0.31903.59
MinimumVisualStudioVersion = 10.0.40219.1
Project("{2150E333-8FDC-42A3-9474-1A3956D46DE8}") = "lib", "lib", "{93A6B92C-6050-43EF-9C43-4087E64A36BB}"
EndProject
Project("{FAE04EC0-301F-11D3-BF4B-00C04F79EFBC}") = "Wit", "lib\Wit\Wit.csproj", "{FE513F6C-3FD6-4616-8BBB-DA8191A82E27}"
EndProject
Project("{FAE04EC0-301F-11D3-BF4B-00C04F79EFBC}") = "Wit.Tests", "lib\Wit.Tests\Wit.Tests.csproj", "{A7366A02-04D7-4B03-A4AA-BBCE77518F7C}"
EndProject
Global
	GlobalSection(SolutionConfigurationPlatforms) = preSolution
		Debug|Any CPU = Debug|Any CPU
		Release|Any CPU = Release|Any CPU
	EndGlobalSection
	GlobalSection(SolutionProperties) = preSolution
		HideSolutionNode = FALSE
	EndGlobalSection
	GlobalSection(ProjectConfigurationPlatforms) = postSolution
		{FE513F6C-3FD6-4616-8BBB-DA8191A82E27}.Debug|Any CPU.ActiveCfg = Debug|Any CPU
		{FE513F6C-3FD6-4616-8BBB-DA8191A82E27}.Debug|Any CPU.Build.0 = Debug|Any CPU
		{FE513F6C-3FD6-4616-8BBB-DA8191A82E27}.Release|Any CPU.ActiveCfg = Release|Any CPU
		{FE513F6C-3FD6-4616-8BBB-DA8191A82E27}.Release|Any CPU.Build.0 = Release|Any CPU
		{A7366A02-04D7-4B03-A4AA-BBCE77518F7C}.Debug|Any CPU.ActiveCfg = Debug|Any CPU
		{A7366A02-04D7-4B03-A4AA-BBCE77518F7C}.Debug|Any CPU.Build.0 = Debug|Any CPU
		{A7366A02-04D7-4B03-A4AA-BBCE77518F7C}.Release|Any CPU.ActiveCfg = Release|Any CPU
		{A7366A02-04D7-4B03-A4AA-BBCE77518F7C}.Release|Any CPU.Build.0 = Release|Any CPU
	EndGlobalSection
	GlobalSection(NestedProjects) = preSolution
		{FE513F6C-3FD6-4616-8BBB-DA8191A82E27} = {93A6B92C-6050-43EF-9C43-4087E64A36BB}
		{A7366A02-04D7-4B03-A4AA-BBCE77518F7C} = {93A6B92C-6050-43EF-9C43-4087E64A36BB}
	EndGlobalSection
EndGlobal
